<?xml version="1.0" encoding="utf-8"?>
<Project ToolsVersion="4.0" xmlns="http://schemas.microsoft.com/developer/msbuild/2003">
  <ItemGroup>
    <Filter Include="Source Files">
      <UniqueIdentifier>{4FC737F1-C7A5-4376-A066-2A32D752A2FF}</UniqueIdentifier>
      <Extensions>cpp;c;cc;cxx;c++;cppm;ixx;def;odl;idl;hpj;bat;asm;asmx</Extensions>
    </Filter>
    <Filter Include="Header Files">
      <UniqueIdentifier>{93995380-89BD-4b04-88EB-625FBE52EBFB}</UniqueIdentifier>
      <Extensions>h;hh;hpp;hxx;h++;hm;inl;inc;ipp;xsd</Extensions>
    </Filter>
    <Filter Include="Resource Files">
      <UniqueIdentifier>{67DA6AB6-F800-4c08-8B7A-83BB121AAD01}</UniqueIdentifier>
      <Extensions>rc;ico;cur;bmp;dlg;rc2;rct;bin;rgs;gif;jpg;jpeg;jpe;resx;tiff;tif;png;wav;mfcribbon-ms</Extensions>
    </Filter>
    <Filter Include="dxvk">
      <UniqueIdentifier>{70b8cf43-f679-4ee4-97a8-0b6214b91c8f}</UniqueIdentifier>
    </Filter>
  </ItemGroup>
  <ItemGroup>
    <ClInclude Include="game.h">
      <Filter>Source Files</Filter>
    </ClInclude>
    <ClInclude Include="vr.h">
      <Filter>Source Files</Filter>
    </ClInclude>
    <ClInclude Include="hooks.h">
      <Filter>Source Files</Filter>
    </ClInclude>
    <ClInclude Include="offsets.h">
      <Filter>Source Files</Filter>
    </ClInclude>
    <ClInclude Include="sdk\usercmd.h">
      <Filter>Source Files</Filter>
    </ClInclude>
    <ClInclude Include="sdk\material.h">
      <Filter>Source Files</Filter>
    </ClInclude>
    <ClInclude Include="sdk\sdk.h">
      <Filter>Source Files</Filter>
    </ClInclude>
    <ClInclude Include="sdk\texture.h">
      <Filter>Source Files</Filter>
    </ClInclude>
    <ClInclude Include="sdk\trace.h">
      <Filter>Source Files</Filter>
    </ClInclude>
    <ClInclude Include="sdk\vector.h">
      <Filter>Source Files</Filter>
    </ClInclude>
    <ClInclude Include="sdk\checksum_crc.h">
      <Filter>Source Files</Filter>
    </ClInclude>
    <ClInclude Include="sigscanner.h">
      <Filter>Source Files</Filter>
    </ClInclude>
    <ClInclude Include="..\dxvk\include\openvr\openvr.hpp">
      <Filter>dxvk</Filter>
    </ClInclude>
    <ClInclude Include="..\dxvk\include\spirv\GLSL.std.450.h">
      <Filter>dxvk</Filter>
    </ClInclude>
    <ClInclude Include="..\dxvk\include\spirv\GLSL.std.450.hpp">
      <Filter>dxvk</Filter>
    </ClInclude>
    <ClInclude Include="..\dxvk\include\spirv\spirv.hpp">
      <Filter>dxvk</Filter>
    </ClInclude>
    <ClInclude Include="..\dxvk\include\vulkan\vk_platform.h">
      <Filter>dxvk</Filter>
    </ClInclude>
    <ClInclude Include="..\dxvk\include\vulkan\vulkan.h">
      <Filter>dxvk</Filter>
    </ClInclude>
    <ClInclude Include="..\dxvk\include\vulkan\vulkan_core.h">
      <Filter>dxvk</Filter>
    </ClInclude>
    <ClInclude Include="..\dxvk\include\vulkan\vulkan_win32.h">
      <Filter>dxvk</Filter>
    </ClInclude>
    <ClInclude Include="..\dxvk\src\d3d9\d3d9_adapter.h">
      <Filter>dxvk</Filter>
    </ClInclude>
    <ClInclude Include="..\dxvk\src\d3d9\d3d9_annotation.h">
      <Filter>dxvk</Filter>
    </ClInclude>
    <ClInclude Include="..\dxvk\src\d3d9\d3d9_buffer.h">
      <Filter>dxvk</Filter>
    </ClInclude>
    <ClInclude Include="..\dxvk\src\d3d9\d3d9_caps.h">
      <Filter>dxvk</Filter>
    </ClInclude>
    <ClInclude Include="..\dxvk\src\d3d9\d3d9_common_buffer.h">
      <Filter>dxvk</Filter>
    </ClInclude>
    <ClInclude Include="..\dxvk\src\d3d9\d3d9_common_texture.h">
      <Filter>dxvk</Filter>
    </ClInclude>
    <ClInclude Include="..\dxvk\src\d3d9\d3d9_constant_layout.h">
      <Filter>dxvk</Filter>
    </ClInclude>
    <ClInclude Include="..\dxvk\src\d3d9\d3d9_constant_set.h">
      <Filter>dxvk</Filter>
    </ClInclude>
    <ClInclude Include="..\dxvk\src\d3d9\d3d9_cursor.h">
      <Filter>dxvk</Filter>
    </ClInclude>
    <ClInclude Include="..\dxvk\src\d3d9\d3d9_device.h">
      <Filter>dxvk</Filter>
    </ClInclude>
    <ClInclude Include="..\dxvk\src\d3d9\d3d9_device_child.h">
      <Filter>dxvk</Filter>
    </ClInclude>
    <ClInclude Include="..\dxvk\src\d3d9\d3d9_fixed_function.h">
      <Filter>dxvk</Filter>
    </ClInclude>
    <ClInclude Include="..\dxvk\src\d3d9\d3d9_format.h">
      <Filter>dxvk</Filter>
    </ClInclude>
    <ClInclude Include="..\dxvk\src\d3d9\d3d9_format_helpers.h">
      <Filter>dxvk</Filter>
    </ClInclude>
    <ClInclude Include="..\dxvk\src\d3d9\d3d9_hud.h">
      <Filter>dxvk</Filter>
    </ClInclude>
    <ClInclude Include="..\dxvk\src\d3d9\d3d9_include.h">
      <Filter>dxvk</Filter>
    </ClInclude>
    <ClInclude Include="..\dxvk\src\d3d9\d3d9_initializer.h">
      <Filter>dxvk</Filter>
    </ClInclude>
    <ClInclude Include="..\dxvk\src\d3d9\d3d9_interface.h">
      <Filter>dxvk</Filter>
    </ClInclude>
    <ClInclude Include="..\dxvk\src\d3d9\d3d9_monitor.h">
      <Filter>dxvk</Filter>
    </ClInclude>
    <ClInclude Include="..\dxvk\src\d3d9\d3d9_multithread.h">
      <Filter>dxvk</Filter>
    </ClInclude>
    <ClInclude Include="..\dxvk\src\d3d9\d3d9_names.h">
      <Filter>dxvk</Filter>
    </ClInclude>
    <ClInclude Include="..\dxvk\src\d3d9\d3d9_options.h">
      <Filter>dxvk</Filter>
    </ClInclude>
    <ClInclude Include="..\dxvk\src\d3d9\d3d9_query.h">
      <Filter>dxvk</Filter>
    </ClInclude>
    <ClInclude Include="..\dxvk\src\d3d9\d3d9_resource.h">
      <Filter>dxvk</Filter>
    </ClInclude>
    <ClInclude Include="..\dxvk\src\d3d9\d3d9_sampler.h">
      <Filter>dxvk</Filter>
    </ClInclude>
    <ClInclude Include="..\dxvk\src\d3d9\d3d9_shader.h">
      <Filter>dxvk</Filter>
    </ClInclude>
    <ClInclude Include="..\dxvk\src\d3d9\d3d9_shader_permutations.h">
      <Filter>dxvk</Filter>
    </ClInclude>
    <ClInclude Include="..\dxvk\src\d3d9\d3d9_shader_validator.h">
      <Filter>dxvk</Filter>
    </ClInclude>
    <ClInclude Include="..\dxvk\src\d3d9\d3d9_spec_constants.h">
      <Filter>dxvk</Filter>
    </ClInclude>
    <ClInclude Include="..\dxvk\src\d3d9\d3d9_state.h">
      <Filter>dxvk</Filter>
    </ClInclude>
    <ClInclude Include="..\dxvk\src\d3d9\d3d9_stateblock.h">
      <Filter>dxvk</Filter>
    </ClInclude>
    <ClInclude Include="..\dxvk\src\d3d9\d3d9_subresource.h">
      <Filter>dxvk</Filter>
    </ClInclude>
    <ClInclude Include="..\dxvk\src\d3d9\d3d9_surface.h">
      <Filter>dxvk</Filter>
    </ClInclude>
    <ClInclude Include="..\dxvk\src\d3d9\d3d9_swapchain.h">
      <Filter>dxvk</Filter>
    </ClInclude>
    <ClInclude Include="..\dxvk\src\d3d9\d3d9_swvp_emu.h">
      <Filter>dxvk</Filter>
    </ClInclude>
    <ClInclude Include="..\dxvk\src\d3d9\d3d9_texture.h">
      <Filter>dxvk</Filter>
    </ClInclude>
    <ClInclude Include="..\dxvk\src\d3d9\d3d9_util.h">
      <Filter>dxvk</Filter>
    </ClInclude>
    <ClInclude Include="..\dxvk\src\d3d9\d3d9_vertex_declaration.h">
      <Filter>dxvk</Filter>
    </ClInclude>
    <ClInclude Include="..\dxvk\src\d3d9\d3d9_volume.h">
      <Filter>dxvk</Filter>
    </ClInclude>
    <ClInclude Include="..\dxvk\src\d3d9\d3d9_vr.h">
      <Filter>dxvk</Filter>
    </ClInclude>
    <ClInclude Include="..\dxvk\src\d3d9\shaders\d3d9_convert_common.h">
      <Filter>dxvk</Filter>
    </ClInclude>
    <ClInclude Include="..\dxvk\src\dxbc\dxbc_analysis.h">
      <Filter>dxvk</Filter>
    </ClInclude>
    <ClInclude Include="..\dxvk\src\dxbc\dxbc_chunk_isgn.h">
      <Filter>dxvk</Filter>
    </ClInclude>
    <ClInclude Include="..\dxvk\src\dxbc\dxbc_chunk_shex.h">
      <Filter>dxvk</Filter>
    </ClInclude>
    <ClInclude Include="..\dxvk\src\dxbc\dxbc_common.h">
      <Filter>dxvk</Filter>
    </ClInclude>
    <ClInclude Include="..\dxvk\src\dxbc\dxbc_compiler.h">
      <Filter>dxvk</Filter>
    </ClInclude>
    <ClInclude Include="..\dxvk\src\dxbc\dxbc_decoder.h">
      <Filter>dxvk</Filter>
    </ClInclude>
    <ClInclude Include="..\dxvk\src\dxbc\dxbc_defs.h">
      <Filter>dxvk</Filter>
    </ClInclude>
    <ClInclude Include="..\dxvk\src\dxbc\dxbc_enums.h">
      <Filter>dxvk</Filter>
    </ClInclude>
    <ClInclude Include="..\dxvk\src\dxbc\dxbc_header.h">
      <Filter>dxvk</Filter>
    </ClInclude>
    <ClInclude Include="..\dxvk\src\dxbc\dxbc_include.h">
      <Filter>dxvk</Filter>
    </ClInclude>
    <ClInclude Include="..\dxvk\src\dxbc\dxbc_modinfo.h">
      <Filter>dxvk</Filter>
    </ClInclude>
    <ClInclude Include="..\dxvk\src\dxbc\dxbc_module.h">
      <Filter>dxvk</Filter>
    </ClInclude>
    <ClInclude Include="..\dxvk\src\dxbc\dxbc_names.h">
      <Filter>dxvk</Filter>
    </ClInclude>
    <ClInclude Include="..\dxvk\src\dxbc\dxbc_options.h">
      <Filter>dxvk</Filter>
    </ClInclude>
    <ClInclude Include="..\dxvk\src\dxbc\dxbc_reader.h">
      <Filter>dxvk</Filter>
    </ClInclude>
    <ClInclude Include="..\dxvk\src\dxbc\dxbc_tag.h">
      <Filter>dxvk</Filter>
    </ClInclude>
    <ClInclude Include="..\dxvk\src\dxbc\dxbc_util.h">
      <Filter>dxvk</Filter>
    </ClInclude>
    <ClInclude Include="..\dxvk\src\dxso\dxso_analysis.h">
      <Filter>dxvk</Filter>
    </ClInclude>
    <ClInclude Include="..\dxvk\src\dxso\dxso_code.h">
      <Filter>dxvk</Filter>
    </ClInclude>
    <ClInclude Include="..\dxvk\src\dxso\dxso_common.h">
      <Filter>dxvk</Filter>
    </ClInclude>
    <ClInclude Include="..\dxvk\src\dxso\dxso_compiler.h">
      <Filter>dxvk</Filter>
    </ClInclude>
    <ClInclude Include="..\dxvk\src\dxso\dxso_ctab.h">
      <Filter>dxvk</Filter>
    </ClInclude>
    <ClInclude Include="..\dxvk\src\dxso\dxso_decoder.h">
      <Filter>dxvk</Filter>
    </ClInclude>
    <ClInclude Include="..\dxvk\src\dxso\dxso_enums.h">
      <Filter>dxvk</Filter>
    </ClInclude>
    <ClInclude Include="..\dxvk\src\dxso\dxso_header.h">
      <Filter>dxvk</Filter>
    </ClInclude>
    <ClInclude Include="..\dxvk\src\dxso\dxso_include.h">
      <Filter>dxvk</Filter>
    </ClInclude>
    <ClInclude Include="..\dxvk\src\dxso\dxso_isgn.h">
      <Filter>dxvk</Filter>
    </ClInclude>
    <ClInclude Include="..\dxvk\src\dxso\dxso_modinfo.h">
      <Filter>dxvk</Filter>
    </ClInclude>
    <ClInclude Include="..\dxvk\src\dxso\dxso_module.h">
      <Filter>dxvk</Filter>
    </ClInclude>
    <ClInclude Include="..\dxvk\src\dxso\dxso_options.h">
      <Filter>dxvk</Filter>
    </ClInclude>
    <ClInclude Include="..\dxvk\src\dxso\dxso_reader.h">
      <Filter>dxvk</Filter>
    </ClInclude>
    <ClInclude Include="..\dxvk\src\dxso\dxso_tables.h">
      <Filter>dxvk</Filter>
    </ClInclude>
    <ClInclude Include="..\dxvk\src\dxso\dxso_util.h">
      <Filter>dxvk</Filter>
    </ClInclude>
    <ClInclude Include="..\dxvk\src\dxvk\dxvk_adapter.h">
      <Filter>dxvk</Filter>
    </ClInclude>
    <ClInclude Include="..\dxvk\src\dxvk\dxvk_annotation.h">
      <Filter>dxvk</Filter>
    </ClInclude>
    <ClInclude Include="..\dxvk\src\dxvk\dxvk_barrier.h">
      <Filter>dxvk</Filter>
    </ClInclude>
    <ClInclude Include="..\dxvk\src\dxvk\dxvk_bind_mask.h">
      <Filter>dxvk</Filter>
    </ClInclude>
    <ClInclude Include="..\dxvk\src\dxvk\dxvk_buffer.h">
      <Filter>dxvk</Filter>
    </ClInclude>
    <ClInclude Include="..\dxvk\src\dxvk\dxvk_cmdlist.h">
      <Filter>dxvk</Filter>
    </ClInclude>
    <ClInclude Include="..\dxvk\src\dxvk\dxvk_compute.h">
      <Filter>dxvk</Filter>
    </ClInclude>
    <ClInclude Include="..\dxvk\src\dxvk\dxvk_constant_state.h">
      <Filter>dxvk</Filter>
    </ClInclude>
    <ClInclude Include="..\dxvk\src\dxvk\dxvk_context.h">
      <Filter>dxvk</Filter>
    </ClInclude>
    <ClInclude Include="..\dxvk\src\dxvk\dxvk_context_state.h">
      <Filter>dxvk</Filter>
    </ClInclude>
    <ClInclude Include="..\dxvk\src\dxvk\dxvk_cs.h">
      <Filter>dxvk</Filter>
    </ClInclude>
    <ClInclude Include="..\dxvk\src\dxvk\dxvk_data.h">
      <Filter>dxvk</Filter>
    </ClInclude>
    <ClInclude Include="..\dxvk\src\dxvk\dxvk_descriptor.h">
      <Filter>dxvk</Filter>
    </ClInclude>
    <ClInclude Include="..\dxvk\src\dxvk\dxvk_device.h">
      <Filter>dxvk</Filter>
    </ClInclude>
    <ClInclude Include="..\dxvk\src\dxvk\dxvk_device_filter.h">
      <Filter>dxvk</Filter>
    </ClInclude>
    <ClInclude Include="..\dxvk\src\dxvk\dxvk_device_info.h">
      <Filter>dxvk</Filter>
    </ClInclude>
    <ClInclude Include="..\dxvk\src\dxvk\dxvk_extensions.h">
      <Filter>dxvk</Filter>
    </ClInclude>
    <ClInclude Include="..\dxvk\src\dxvk\dxvk_extension_provider.h">
      <Filter>dxvk</Filter>
    </ClInclude>
    <ClInclude Include="..\dxvk\src\dxvk\dxvk_format.h">
      <Filter>dxvk</Filter>
    </ClInclude>
    <ClInclude Include="..\dxvk\src\dxvk\dxvk_framebuffer.h">
      <Filter>dxvk</Filter>
    </ClInclude>
    <ClInclude Include="..\dxvk\src\dxvk\dxvk_gpu_event.h">
      <Filter>dxvk</Filter>
    </ClInclude>
    <ClInclude Include="..\dxvk\src\dxvk\dxvk_gpu_query.h">
      <Filter>dxvk</Filter>
    </ClInclude>
    <ClInclude Include="..\dxvk\src\dxvk\dxvk_graphics.h">
      <Filter>dxvk</Filter>
    </ClInclude>
    <ClInclude Include="..\dxvk\src\dxvk\dxvk_graphics_state.h">
      <Filter>dxvk</Filter>
    </ClInclude>
    <ClInclude Include="..\dxvk\src\dxvk\dxvk_hash.h">
      <Filter>dxvk</Filter>
    </ClInclude>
    <ClInclude Include="..\dxvk\src\dxvk\dxvk_image.h">
      <Filter>dxvk</Filter>
    </ClInclude>
    <ClInclude Include="..\dxvk\src\dxvk\dxvk_include.h">
      <Filter>dxvk</Filter>
    </ClInclude>
    <ClInclude Include="..\dxvk\src\dxvk\dxvk_instance.h">
      <Filter>dxvk</Filter>
    </ClInclude>
    <ClInclude Include="..\dxvk\src\dxvk\dxvk_lifetime.h">
      <Filter>dxvk</Filter>
    </ClInclude>
    <ClInclude Include="..\dxvk\src\dxvk\dxvk_limits.h">
      <Filter>dxvk</Filter>
    </ClInclude>
    <ClInclude Include="..\dxvk\src\dxvk\dxvk_memory.h">
      <Filter>dxvk</Filter>
    </ClInclude>
    <ClInclude Include="..\dxvk\src\dxvk\dxvk_meta_blit.h">
      <Filter>dxvk</Filter>
    </ClInclude>
    <ClInclude Include="..\dxvk\src\dxvk\dxvk_meta_clear.h">
      <Filter>dxvk</Filter>
    </ClInclude>
    <ClInclude Include="..\dxvk\src\dxvk\dxvk_meta_copy.h">
      <Filter>dxvk</Filter>
    </ClInclude>
    <ClInclude Include="..\dxvk\src\dxvk\dxvk_meta_mipgen.h">
      <Filter>dxvk</Filter>
    </ClInclude>
    <ClInclude Include="..\dxvk\src\dxvk\dxvk_meta_pack.h">
      <Filter>dxvk</Filter>
    </ClInclude>
    <ClInclude Include="..\dxvk\src\dxvk\dxvk_meta_resolve.h">
      <Filter>dxvk</Filter>
    </ClInclude>
    <ClInclude Include="..\dxvk\src\dxvk\dxvk_objects.h">
      <Filter>dxvk</Filter>
    </ClInclude>
    <ClInclude Include="..\dxvk\src\dxvk\dxvk_openvr.h">
      <Filter>dxvk</Filter>
    </ClInclude>
    <ClInclude Include="..\dxvk\src\dxvk\dxvk_openxr.h">
      <Filter>dxvk</Filter>
    </ClInclude>
    <ClInclude Include="..\dxvk\src\dxvk\dxvk_options.h">
      <Filter>dxvk</Filter>
    </ClInclude>
    <ClInclude Include="..\dxvk\src\dxvk\dxvk_pipecache.h">
      <Filter>dxvk</Filter>
    </ClInclude>
    <ClInclude Include="..\dxvk\src\dxvk\dxvk_pipelayout.h">
      <Filter>dxvk</Filter>
    </ClInclude>
    <ClInclude Include="..\dxvk\src\dxvk\dxvk_pipemanager.h">
      <Filter>dxvk</Filter>
    </ClInclude>
    <ClInclude Include="..\dxvk\src\dxvk\dxvk_platform_exts.h">
      <Filter>dxvk</Filter>
    </ClInclude>
    <ClInclude Include="..\dxvk\src\dxvk\dxvk_queue.h">
      <Filter>dxvk</Filter>
    </ClInclude>
    <ClInclude Include="..\dxvk\src\dxvk\dxvk_recycler.h">
      <Filter>dxvk</Filter>
    </ClInclude>
    <ClInclude Include="..\dxvk\src\dxvk\dxvk_renderpass.h">
      <Filter>dxvk</Filter>
    </ClInclude>
    <ClInclude Include="..\dxvk\src\dxvk\dxvk_resource.h">
      <Filter>dxvk</Filter>
    </ClInclude>
    <ClInclude Include="..\dxvk\src\dxvk\dxvk_sampler.h">
      <Filter>dxvk</Filter>
    </ClInclude>
    <ClInclude Include="..\dxvk\src\dxvk\dxvk_shader.h">
      <Filter>dxvk</Filter>
    </ClInclude>
    <ClInclude Include="..\dxvk\src\dxvk\dxvk_shader_key.h">
      <Filter>dxvk</Filter>
    </ClInclude>
    <ClInclude Include="..\dxvk\src\dxvk\dxvk_signal.h">
      <Filter>dxvk</Filter>
    </ClInclude>
    <ClInclude Include="..\dxvk\src\dxvk\dxvk_spec_const.h">
      <Filter>dxvk</Filter>
    </ClInclude>
    <ClInclude Include="..\dxvk\src\dxvk\dxvk_staging.h">
      <Filter>dxvk</Filter>
    </ClInclude>
    <ClInclude Include="..\dxvk\src\dxvk\dxvk_state_cache.h">
      <Filter>dxvk</Filter>
    </ClInclude>
    <ClInclude Include="..\dxvk\src\dxvk\dxvk_state_cache_types.h">
      <Filter>dxvk</Filter>
    </ClInclude>
    <ClInclude Include="..\dxvk\src\dxvk\dxvk_stats.h">
      <Filter>dxvk</Filter>
    </ClInclude>
    <ClInclude Include="..\dxvk\src\dxvk\dxvk_swapchain_blitter.h">
      <Filter>dxvk</Filter>
    </ClInclude>
    <ClInclude Include="..\dxvk\src\dxvk\dxvk_unbound.h">
      <Filter>dxvk</Filter>
    </ClInclude>
    <ClInclude Include="..\dxvk\src\dxvk\dxvk_util.h">
      <Filter>dxvk</Filter>
    </ClInclude>
    <ClInclude Include="..\dxvk\src\dxvk\hud\dxvk_hud.h">
      <Filter>dxvk</Filter>
    </ClInclude>
    <ClInclude Include="..\dxvk\src\dxvk\hud\dxvk_hud_font.h">
      <Filter>dxvk</Filter>
    </ClInclude>
    <ClInclude Include="..\dxvk\src\dxvk\hud\dxvk_hud_item.h">
      <Filter>dxvk</Filter>
    </ClInclude>
    <ClInclude Include="..\dxvk\src\dxvk\hud\dxvk_hud_renderer.h">
      <Filter>dxvk</Filter>
    </ClInclude>
    <ClInclude Include="..\dxvk\src\spirv\spirv_code_buffer.h">
      <Filter>dxvk</Filter>
    </ClInclude>
    <ClInclude Include="..\dxvk\src\spirv\spirv_compression.h">
      <Filter>dxvk</Filter>
    </ClInclude>
    <ClInclude Include="..\dxvk\src\spirv\spirv_include.h">
      <Filter>dxvk</Filter>
    </ClInclude>
    <ClInclude Include="..\dxvk\src\spirv\spirv_instruction.h">
      <Filter>dxvk</Filter>
    </ClInclude>
    <ClInclude Include="..\dxvk\src\spirv\spirv_module.h">
      <Filter>dxvk</Filter>
    </ClInclude>
    <ClInclude Include="..\dxvk\src\util\com\com_guid.h">
      <Filter>dxvk</Filter>
    </ClInclude>
    <ClInclude Include="..\dxvk\src\util\com\com_include.h">
      <Filter>dxvk</Filter>
    </ClInclude>
    <ClInclude Include="..\dxvk\src\util\com\com_object.h">
      <Filter>dxvk</Filter>
    </ClInclude>
    <ClInclude Include="..\dxvk\src\util\com\com_pointer.h">
      <Filter>dxvk</Filter>
    </ClInclude>
    <ClInclude Include="..\dxvk\src\util\com\com_private_data.h">
      <Filter>dxvk</Filter>
    </ClInclude>
    <ClInclude Include="..\dxvk\src\util\config\config.h">
      <Filter>dxvk</Filter>
    </ClInclude>
    <ClInclude Include="..\dxvk\src\util\log\log.h">
      <Filter>dxvk</Filter>
    </ClInclude>
    <ClInclude Include="..\dxvk\src\util\log\log_debug.h">
      <Filter>dxvk</Filter>
    </ClInclude>
    <ClInclude Include="..\dxvk\src\util\rc\util_rc.h">
      <Filter>dxvk</Filter>
    </ClInclude>
    <ClInclude Include="..\dxvk\src\util\rc\util_rc_ptr.h">
      <Filter>dxvk</Filter>
    </ClInclude>
    <ClInclude Include="..\dxvk\src\util\sha1\sha1.h">
      <Filter>dxvk</Filter>
    </ClInclude>
    <ClInclude Include="..\dxvk\src\util\sha1\sha1_util.h">
      <Filter>dxvk</Filter>
    </ClInclude>
    <ClInclude Include="..\dxvk\src\util\sync\sync_list.h">
      <Filter>dxvk</Filter>
    </ClInclude>
    <ClInclude Include="..\dxvk\src\util\sync\sync_recursive.h">
      <Filter>dxvk</Filter>
    </ClInclude>
    <ClInclude Include="..\dxvk\src\util\sync\sync_signal.h">
      <Filter>dxvk</Filter>
    </ClInclude>
    <ClInclude Include="..\dxvk\src\util\sync\sync_spinlock.h">
      <Filter>dxvk</Filter>
    </ClInclude>
    <ClInclude Include="..\dxvk\src\util\sync\sync_ticketlock.h">
      <Filter>dxvk</Filter>
    </ClInclude>
    <ClInclude Include="..\dxvk\src\util\thread.h">
      <Filter>dxvk</Filter>
    </ClInclude>
    <ClInclude Include="..\dxvk\src\util\util_bit.h">
      <Filter>dxvk</Filter>
    </ClInclude>
    <ClInclude Include="..\dxvk\src\util\util_enum.h">
      <Filter>dxvk</Filter>
    </ClInclude>
    <ClInclude Include="..\dxvk\src\util\util_env.h">
      <Filter>dxvk</Filter>
    </ClInclude>
    <ClInclude Include="..\dxvk\src\util\util_error.h">
      <Filter>dxvk</Filter>
    </ClInclude>
    <ClInclude Include="..\dxvk\src\util\util_flags.h">
      <Filter>dxvk</Filter>
    </ClInclude>
    <ClInclude Include="..\dxvk\src\util\util_fps_limiter.h">
      <Filter>dxvk</Filter>
    </ClInclude>
    <ClInclude Include="..\dxvk\src\util\util_gdi.h">
      <Filter>dxvk</Filter>
    </ClInclude>
    <ClInclude Include="..\dxvk\src\util\util_lazy.h">
      <Filter>dxvk</Filter>
    </ClInclude>
    <ClInclude Include="..\dxvk\src\util\util_likely.h">
      <Filter>dxvk</Filter>
    </ClInclude>
    <ClInclude Include="..\dxvk\src\util\util_luid.h">
      <Filter>dxvk</Filter>
    </ClInclude>
    <ClInclude Include="..\dxvk\src\util\util_math.h">
      <Filter>dxvk</Filter>
    </ClInclude>
    <ClInclude Include="..\dxvk\src\util\util_matrix.h">
      <Filter>dxvk</Filter>
    </ClInclude>
    <ClInclude Include="..\dxvk\src\util\util_misc.h">
      <Filter>dxvk</Filter>
    </ClInclude>
    <ClInclude Include="..\dxvk\src\util\util_monitor.h">
      <Filter>dxvk</Filter>
    </ClInclude>
    <ClInclude Include="..\dxvk\src\util\util_ratio.h">
      <Filter>dxvk</Filter>
    </ClInclude>
    <ClInclude Include="..\dxvk\src\util\util_shared_res.h">
      <Filter>dxvk</Filter>
    </ClInclude>
    <ClInclude Include="..\dxvk\src\util\util_small_vector.h">
      <Filter>dxvk</Filter>
    </ClInclude>
    <ClInclude Include="..\dxvk\src\util\util_string.h">
      <Filter>dxvk</Filter>
    </ClInclude>
    <ClInclude Include="..\dxvk\src\util\util_time.h">
      <Filter>dxvk</Filter>
    </ClInclude>
    <ClInclude Include="..\dxvk\src\util\util_vector.h">
      <Filter>dxvk</Filter>
    </ClInclude>
    <ClInclude Include="..\dxvk\src\vulkan\vulkan_loader.h">
      <Filter>dxvk</Filter>
    </ClInclude>
    <ClInclude Include="..\dxvk\src\vulkan\vulkan_names.h">
      <Filter>dxvk</Filter>
    </ClInclude>
    <ClInclude Include="..\dxvk\src\vulkan\vulkan_presenter.h">
      <Filter>dxvk</Filter>
    </ClInclude>
    <ClInclude Include="..\dxvk\src\vulkan\vulkan_util.h">
      <Filter>dxvk</Filter>
    </ClInclude>
    <ClInclude Include="..\dxvk\tests\test_utils.h">
      <Filter>dxvk</Filter>
    </ClInclude>
    <ClInclude Include="..\dxvk\include\shaders\d3d9_convert_a2w10v10u10.h">
      <Filter>dxvk</Filter>
    </ClInclude>
    <ClInclude Include="..\dxvk\include\shaders\d3d9_convert_l6v5u5.h">
      <Filter>dxvk</Filter>
    </ClInclude>
    <ClInclude Include="..\dxvk\include\shaders\d3d9_convert_nv12.h">
      <Filter>dxvk</Filter>
    </ClInclude>
    <ClInclude Include="..\dxvk\include\shaders\d3d9_convert_x8l8v8u8.h">
      <Filter>dxvk</Filter>
    </ClInclude>
    <ClInclude Include="..\dxvk\include\shaders\d3d9_convert_yuy2_uyvy.h">
      <Filter>dxvk</Filter>
    </ClInclude>
    <ClInclude Include="..\dxvk\include\shaders\d3d9_convert_yv12.h">
      <Filter>dxvk</Filter>
    </ClInclude>
    <ClInclude Include="..\dxvk\include\shaders\dxvk_blit_frag_1d.h">
      <Filter>dxvk</Filter>
    </ClInclude>
    <ClInclude Include="..\dxvk\include\shaders\dxvk_blit_frag_2d.h">
      <Filter>dxvk</Filter>
    </ClInclude>
    <ClInclude Include="..\dxvk\include\shaders\dxvk_blit_frag_3d.h">
      <Filter>dxvk</Filter>
    </ClInclude>
    <ClInclude Include="..\dxvk\include\shaders\dxvk_clear_buffer_f.h">
      <Filter>dxvk</Filter>
    </ClInclude>
    <ClInclude Include="..\dxvk\include\shaders\dxvk_clear_buffer_u.h">
      <Filter>dxvk</Filter>
    </ClInclude>
    <ClInclude Include="..\dxvk\include\shaders\dxvk_clear_image1d_f.h">
      <Filter>dxvk</Filter>
    </ClInclude>
    <ClInclude Include="..\dxvk\include\shaders\dxvk_clear_image1d_u.h">
      <Filter>dxvk</Filter>
    </ClInclude>
    <ClInclude Include="..\dxvk\include\shaders\dxvk_clear_image1darr_f.h">
      <Filter>dxvk</Filter>
    </ClInclude>
    <ClInclude Include="..\dxvk\include\shaders\dxvk_clear_image1darr_u.h">
      <Filter>dxvk</Filter>
    </ClInclude>
    <ClInclude Include="..\dxvk\include\shaders\dxvk_clear_image2d_f.h">
      <Filter>dxvk</Filter>
    </ClInclude>
    <ClInclude Include="..\dxvk\include\shaders\dxvk_clear_image2d_u.h">
      <Filter>dxvk</Filter>
    </ClInclude>
    <ClInclude Include="..\dxvk\include\shaders\dxvk_clear_image2darr_f.h">
      <Filter>dxvk</Filter>
    </ClInclude>
    <ClInclude Include="..\dxvk\include\shaders\dxvk_clear_image2darr_u.h">
      <Filter>dxvk</Filter>
    </ClInclude>
    <ClInclude Include="..\dxvk\include\shaders\dxvk_clear_image3d_f.h">
      <Filter>dxvk</Filter>
    </ClInclude>
    <ClInclude Include="..\dxvk\include\shaders\dxvk_clear_image3d_u.h">
      <Filter>dxvk</Filter>
    </ClInclude>
    <ClInclude Include="..\dxvk\include\shaders\dxvk_copy_buffer_image.h">
      <Filter>dxvk</Filter>
    </ClInclude>
    <ClInclude Include="..\dxvk\include\shaders\dxvk_copy_color_1d.h">
      <Filter>dxvk</Filter>
    </ClInclude>
    <ClInclude Include="..\dxvk\include\shaders\dxvk_copy_color_2d.h">
      <Filter>dxvk</Filter>
    </ClInclude>
    <ClInclude Include="..\dxvk\include\shaders\dxvk_copy_color_ms.h">
      <Filter>dxvk</Filter>
    </ClInclude>
    <ClInclude Include="..\dxvk\include\shaders\dxvk_copy_depth_1d.h">
      <Filter>dxvk</Filter>
    </ClInclude>
    <ClInclude Include="..\dxvk\include\shaders\dxvk_copy_depth_2d.h">
      <Filter>dxvk</Filter>
    </ClInclude>
    <ClInclude Include="..\dxvk\include\shaders\dxvk_copy_depth_ms.h">
      <Filter>dxvk</Filter>
    </ClInclude>
    <ClInclude Include="..\dxvk\include\shaders\dxvk_copy_depth_stencil_1d.h">
      <Filter>dxvk</Filter>
    </ClInclude>
    <ClInclude Include="..\dxvk\include\shaders\dxvk_copy_depth_stencil_2d.h">
      <Filter>dxvk</Filter>
    </ClInclude>
    <ClInclude Include="..\dxvk\include\shaders\dxvk_copy_depth_stencil_ms.h">
      <Filter>dxvk</Filter>
    </ClInclude>
    <ClInclude Include="..\dxvk\include\shaders\dxvk_fullscreen_geom.h">
      <Filter>dxvk</Filter>
    </ClInclude>
    <ClInclude Include="..\dxvk\include\shaders\dxvk_fullscreen_layer_vert.h">
      <Filter>dxvk</Filter>
    </ClInclude>
    <ClInclude Include="..\dxvk\include\shaders\dxvk_fullscreen_vert.h">
      <Filter>dxvk</Filter>
    </ClInclude>
    <ClInclude Include="..\dxvk\include\shaders\dxvk_pack_d24s8.h">
      <Filter>dxvk</Filter>
    </ClInclude>
    <ClInclude Include="..\dxvk\include\shaders\dxvk_pack_d32s8.h">
      <Filter>dxvk</Filter>
    </ClInclude>
    <ClInclude Include="..\dxvk\include\shaders\dxvk_present_frag.h">
      <Filter>dxvk</Filter>
    </ClInclude>
    <ClInclude Include="..\dxvk\include\shaders\dxvk_present_frag_blit.h">
      <Filter>dxvk</Filter>
    </ClInclude>
    <ClInclude Include="..\dxvk\include\shaders\dxvk_present_frag_ms.h">
      <Filter>dxvk</Filter>
    </ClInclude>
    <ClInclude Include="..\dxvk\include\shaders\dxvk_present_frag_ms_amd.h">
      <Filter>dxvk</Filter>
    </ClInclude>
    <ClInclude Include="..\dxvk\include\shaders\dxvk_present_vert.h">
      <Filter>dxvk</Filter>
    </ClInclude>
    <ClInclude Include="..\dxvk\include\shaders\dxvk_resolve_frag_d.h">
      <Filter>dxvk</Filter>
    </ClInclude>
    <ClInclude Include="..\dxvk\include\shaders\dxvk_resolve_frag_ds.h">
      <Filter>dxvk</Filter>
    </ClInclude>
    <ClInclude Include="..\dxvk\include\shaders\dxvk_resolve_frag_f.h">
      <Filter>dxvk</Filter>
    </ClInclude>
    <ClInclude Include="..\dxvk\include\shaders\dxvk_resolve_frag_f_amd.h">
      <Filter>dxvk</Filter>
    </ClInclude>
    <ClInclude Include="..\dxvk\include\shaders\dxvk_resolve_frag_i.h">
      <Filter>dxvk</Filter>
    </ClInclude>
    <ClInclude Include="..\dxvk\include\shaders\dxvk_resolve_frag_u.h">
      <Filter>dxvk</Filter>
    </ClInclude>
    <ClInclude Include="..\dxvk\include\shaders\dxvk_unpack_d24s8.h">
      <Filter>dxvk</Filter>
    </ClInclude>
    <ClInclude Include="..\dxvk\include\shaders\dxvk_unpack_d24s8_as_d32s8.h">
      <Filter>dxvk</Filter>
    </ClInclude>
    <ClInclude Include="..\dxvk\include\shaders\dxvk_unpack_d32s8.h">
      <Filter>dxvk</Filter>
    </ClInclude>
    <ClInclude Include="..\dxvk\include\shaders\hud_graph_frag.h">
      <Filter>dxvk</Filter>
    </ClInclude>
    <ClInclude Include="..\dxvk\include\shaders\hud_graph_vert.h">
      <Filter>dxvk</Filter>
    </ClInclude>
    <ClInclude Include="..\dxvk\include\shaders\hud_text_frag.h">
      <Filter>dxvk</Filter>
    </ClInclude>
    <ClInclude Include="..\dxvk\include\shaders\hud_text_vert.h">
      <Filter>dxvk</Filter>
    </ClInclude>
    <ClInclude Include="..\dxvk\include\version.h">
      <Filter>dxvk</Filter>
    </ClInclude>
    <ClInclude Include="..\dxvk\src\dxvk\dxvk_pipecompiler.h">
      <Filter>dxvk</Filter>
    </ClInclude>
    <ClInclude Include="sdk\sdk_server.h">
      <Filter>Source Files</Filter>
    </ClInclude>
  </ItemGroup>
  <ItemGroup>
    <ClCompile Include="dllmain.cpp">
      <Filter>Source Files</Filter>
    </ClCompile>
    <ClCompile Include="hooks.cpp">
      <Filter>Source Files</Filter>
    </ClCompile>
    <ClCompile Include="vr.cpp">
      <Filter>Source Files</Filter>
    </ClCompile>
    <ClCompile Include="game.cpp">
      <Filter>Source Files</Filter>
    </ClCompile>
    <ClCompile Include="sdk\checksum_crc.cpp">
      <Filter>Source Files</Filter>
    </ClCompile>
    <ClCompile Include="..\dxvk\src\d3d9\d3d9_adapter.cpp">
      <Filter>dxvk</Filter>
    </ClCompile>
    <ClCompile Include="..\dxvk\src\d3d9\d3d9_annotation.cpp">
      <Filter>dxvk</Filter>
    </ClCompile>
    <ClCompile Include="..\dxvk\src\d3d9\d3d9_buffer.cpp">
      <Filter>dxvk</Filter>
    </ClCompile>
    <ClCompile Include="..\dxvk\src\d3d9\d3d9_common_buffer.cpp">
      <Filter>dxvk</Filter>
    </ClCompile>
    <ClCompile Include="..\dxvk\src\d3d9\d3d9_common_texture.cpp">
      <Filter>dxvk</Filter>
    </ClCompile>
    <ClCompile Include="..\dxvk\src\d3d9\d3d9_cursor.cpp">
      <Filter>dxvk</Filter>
    </ClCompile>
    <ClCompile Include="..\dxvk\src\d3d9\d3d9_device.cpp">
      <Filter>dxvk</Filter>
    </ClCompile>
    <ClCompile Include="..\dxvk\src\d3d9\d3d9_fixed_function.cpp">
      <Filter>dxvk</Filter>
    </ClCompile>
    <ClCompile Include="..\dxvk\src\d3d9\d3d9_format.cpp">
      <Filter>dxvk</Filter>
    </ClCompile>
    <ClCompile Include="..\dxvk\src\d3d9\d3d9_format_helpers.cpp">
      <Filter>dxvk</Filter>
    </ClCompile>
    <ClCompile Include="..\dxvk\src\d3d9\d3d9_hud.cpp">
      <Filter>dxvk</Filter>
    </ClCompile>
    <ClCompile Include="..\dxvk\src\d3d9\d3d9_initializer.cpp">
      <Filter>dxvk</Filter>
    </ClCompile>
    <ClCompile Include="..\dxvk\src\d3d9\d3d9_interface.cpp">
      <Filter>dxvk</Filter>
    </ClCompile>
    <ClCompile Include="..\dxvk\src\d3d9\d3d9_main.cpp">
      <Filter>dxvk</Filter>
    </ClCompile>
    <ClCompile Include="..\dxvk\src\d3d9\d3d9_monitor.cpp">
      <Filter>dxvk</Filter>
    </ClCompile>
    <ClCompile Include="..\dxvk\src\d3d9\d3d9_multithread.cpp">
      <Filter>dxvk</Filter>
    </ClCompile>
    <ClCompile Include="..\dxvk\src\d3d9\d3d9_names.cpp">
      <Filter>dxvk</Filter>
    </ClCompile>
    <ClCompile Include="..\dxvk\src\d3d9\d3d9_options.cpp">
      <Filter>dxvk</Filter>
    </ClCompile>
    <ClCompile Include="..\dxvk\src\d3d9\d3d9_query.cpp">
      <Filter>dxvk</Filter>
    </ClCompile>
    <ClCompile Include="..\dxvk\src\d3d9\d3d9_sampler.cpp">
      <Filter>dxvk</Filter>
    </ClCompile>
    <ClCompile Include="..\dxvk\src\d3d9\d3d9_shader.cpp">
      <Filter>dxvk</Filter>
    </ClCompile>
    <ClCompile Include="..\dxvk\src\d3d9\d3d9_state.cpp">
      <Filter>dxvk</Filter>
    </ClCompile>
    <ClCompile Include="..\dxvk\src\d3d9\d3d9_stateblock.cpp">
      <Filter>dxvk</Filter>
    </ClCompile>
    <ClCompile Include="..\dxvk\src\d3d9\d3d9_surface.cpp">
      <Filter>dxvk</Filter>
    </ClCompile>
    <ClCompile Include="..\dxvk\src\d3d9\d3d9_swapchain.cpp">
      <Filter>dxvk</Filter>
    </ClCompile>
    <ClCompile Include="..\dxvk\src\d3d9\d3d9_swvp_emu.cpp">
      <Filter>dxvk</Filter>
    </ClCompile>
    <ClCompile Include="..\dxvk\src\d3d9\d3d9_texture.cpp">
      <Filter>dxvk</Filter>
    </ClCompile>
    <ClCompile Include="..\dxvk\src\d3d9\d3d9_util.cpp">
      <Filter>dxvk</Filter>
    </ClCompile>
    <ClCompile Include="..\dxvk\src\d3d9\d3d9_vertex_declaration.cpp">
      <Filter>dxvk</Filter>
    </ClCompile>
    <ClCompile Include="..\dxvk\src\d3d9\d3d9_volume.cpp">
      <Filter>dxvk</Filter>
    </ClCompile>
    <ClCompile Include="..\dxvk\src\d3d9\d3d9_vr.cpp">
      <Filter>dxvk</Filter>
    </ClCompile>
    <ClCompile Include="..\dxvk\src\dxbc\dxbc_analysis.cpp">
      <Filter>dxvk</Filter>
    </ClCompile>
    <ClCompile Include="..\dxvk\src\dxbc\dxbc_chunk_isgn.cpp">
      <Filter>dxvk</Filter>
    </ClCompile>
    <ClCompile Include="..\dxvk\src\dxbc\dxbc_chunk_shex.cpp">
      <Filter>dxvk</Filter>
    </ClCompile>
    <ClCompile Include="..\dxvk\src\dxbc\dxbc_common.cpp">
      <Filter>dxvk</Filter>
    </ClCompile>
    <ClCompile Include="..\dxvk\src\dxbc\dxbc_compiler.cpp">
      <Filter>dxvk</Filter>
    </ClCompile>
    <ClCompile Include="..\dxvk\src\dxbc\dxbc_decoder.cpp">
      <Filter>dxvk</Filter>
    </ClCompile>
    <ClCompile Include="..\dxvk\src\dxbc\dxbc_defs.cpp">
      <Filter>dxvk</Filter>
    </ClCompile>
    <ClCompile Include="..\dxvk\src\dxbc\dxbc_header.cpp">
      <Filter>dxvk</Filter>
    </ClCompile>
    <ClCompile Include="..\dxvk\src\dxbc\dxbc_module.cpp">
      <Filter>dxvk</Filter>
    </ClCompile>
    <ClCompile Include="..\dxvk\src\dxbc\dxbc_names.cpp">
      <Filter>dxvk</Filter>
    </ClCompile>
    <ClCompile Include="..\dxvk\src\dxbc\dxbc_options.cpp">
      <Filter>dxvk</Filter>
    </ClCompile>
    <ClCompile Include="..\dxvk\src\dxbc\dxbc_reader.cpp">
      <Filter>dxvk</Filter>
    </ClCompile>
    <ClCompile Include="..\dxvk\src\dxbc\dxbc_util.cpp">
      <Filter>dxvk</Filter>
    </ClCompile>
    <ClCompile Include="..\dxvk\src\dxso\dxso_analysis.cpp">
      <Filter>dxvk</Filter>
    </ClCompile>
    <ClCompile Include="..\dxvk\src\dxso\dxso_code.cpp">
      <Filter>dxvk</Filter>
    </ClCompile>
    <ClCompile Include="..\dxvk\src\dxso\dxso_common.cpp">
      <Filter>dxvk</Filter>
    </ClCompile>
    <ClCompile Include="..\dxvk\src\dxso\dxso_compiler.cpp">
      <Filter>dxvk</Filter>
    </ClCompile>
    <ClCompile Include="..\dxvk\src\dxso\dxso_ctab.cpp">
      <Filter>dxvk</Filter>
    </ClCompile>
    <ClCompile Include="..\dxvk\src\dxso\dxso_decoder.cpp">
      <Filter>dxvk</Filter>
    </ClCompile>
    <ClCompile Include="..\dxvk\src\dxso\dxso_enums.cpp">
      <Filter>dxvk</Filter>
    </ClCompile>
    <ClCompile Include="..\dxvk\src\dxso\dxso_header.cpp">
      <Filter>dxvk</Filter>
    </ClCompile>
    <ClCompile Include="..\dxvk\src\dxso\dxso_module.cpp">
      <Filter>dxvk</Filter>
    </ClCompile>
    <ClCompile Include="..\dxvk\src\dxso\dxso_options.cpp">
      <Filter>dxvk</Filter>
    </ClCompile>
    <ClCompile Include="..\dxvk\src\dxso\dxso_reader.cpp">
      <Filter>dxvk</Filter>
    </ClCompile>
    <ClCompile Include="..\dxvk\src\dxso\dxso_tables.cpp">
      <Filter>dxvk</Filter>
    </ClCompile>
    <ClCompile Include="..\dxvk\src\dxso\dxso_util.cpp">
      <Filter>dxvk</Filter>
    </ClCompile>
    <ClCompile Include="..\dxvk\src\dxvk\dxvk_adapter.cpp">
      <Filter>dxvk</Filter>
    </ClCompile>
    <ClCompile Include="..\dxvk\src\dxvk\dxvk_barrier.cpp">
      <Filter>dxvk</Filter>
    </ClCompile>
    <ClCompile Include="..\dxvk\src\dxvk\dxvk_buffer.cpp">
      <Filter>dxvk</Filter>
    </ClCompile>
    <ClCompile Include="..\dxvk\src\dxvk\dxvk_cmdlist.cpp">
      <Filter>dxvk</Filter>
    </ClCompile>
    <ClCompile Include="..\dxvk\src\dxvk\dxvk_compute.cpp">
      <Filter>dxvk</Filter>
    </ClCompile>
    <ClCompile Include="..\dxvk\src\dxvk\dxvk_context.cpp">
      <Filter>dxvk</Filter>
    </ClCompile>
    <ClCompile Include="..\dxvk\src\dxvk\dxvk_cs.cpp">
      <Filter>dxvk</Filter>
    </ClCompile>
    <ClCompile Include="..\dxvk\src\dxvk\dxvk_data.cpp">
      <Filter>dxvk</Filter>
    </ClCompile>
    <ClCompile Include="..\dxvk\src\dxvk\dxvk_descriptor.cpp">
      <Filter>dxvk</Filter>
    </ClCompile>
    <ClCompile Include="..\dxvk\src\dxvk\dxvk_device.cpp">
      <Filter>dxvk</Filter>
    </ClCompile>
    <ClCompile Include="..\dxvk\src\dxvk\dxvk_device_filter.cpp">
      <Filter>dxvk</Filter>
    </ClCompile>
    <ClCompile Include="..\dxvk\src\dxvk\dxvk_extensions.cpp">
      <Filter>dxvk</Filter>
    </ClCompile>
    <ClCompile Include="..\dxvk\src\dxvk\dxvk_format.cpp">
      <Filter>dxvk</Filter>
    </ClCompile>
    <ClCompile Include="..\dxvk\src\dxvk\dxvk_framebuffer.cpp">
      <Filter>dxvk</Filter>
    </ClCompile>
    <ClCompile Include="..\dxvk\src\dxvk\dxvk_gpu_event.cpp">
      <Filter>dxvk</Filter>
    </ClCompile>
    <ClCompile Include="..\dxvk\src\dxvk\dxvk_gpu_query.cpp">
      <Filter>dxvk</Filter>
    </ClCompile>
    <ClCompile Include="..\dxvk\src\dxvk\dxvk_graphics.cpp">
      <Filter>dxvk</Filter>
    </ClCompile>
    <ClCompile Include="..\dxvk\src\dxvk\dxvk_image.cpp">
      <Filter>dxvk</Filter>
    </ClCompile>
    <ClCompile Include="..\dxvk\src\dxvk\dxvk_instance.cpp">
      <Filter>dxvk</Filter>
    </ClCompile>
    <ClCompile Include="..\dxvk\src\dxvk\dxvk_lifetime.cpp">
      <Filter>dxvk</Filter>
    </ClCompile>
    <ClCompile Include="..\dxvk\src\dxvk\dxvk_memory.cpp">
      <Filter>dxvk</Filter>
    </ClCompile>
    <ClCompile Include="..\dxvk\src\dxvk\dxvk_meta_blit.cpp">
      <Filter>dxvk</Filter>
    </ClCompile>
    <ClCompile Include="..\dxvk\src\dxvk\dxvk_meta_clear.cpp">
      <Filter>dxvk</Filter>
    </ClCompile>
    <ClCompile Include="..\dxvk\src\dxvk\dxvk_meta_copy.cpp">
      <Filter>dxvk</Filter>
    </ClCompile>
    <ClCompile Include="..\dxvk\src\dxvk\dxvk_meta_mipgen.cpp">
      <Filter>dxvk</Filter>
    </ClCompile>
    <ClCompile Include="..\dxvk\src\dxvk\dxvk_meta_pack.cpp">
      <Filter>dxvk</Filter>
    </ClCompile>
    <ClCompile Include="..\dxvk\src\dxvk\dxvk_meta_resolve.cpp">
      <Filter>dxvk</Filter>
    </ClCompile>
    <ClCompile Include="..\dxvk\src\dxvk\dxvk_openvr.cpp">
      <Filter>dxvk</Filter>
    </ClCompile>
    <ClCompile Include="..\dxvk\src\dxvk\dxvk_openxr.cpp">
      <Filter>dxvk</Filter>
    </ClCompile>
    <ClCompile Include="..\dxvk\src\dxvk\dxvk_options.cpp">
      <Filter>dxvk</Filter>
    </ClCompile>
    <ClCompile Include="..\dxvk\src\dxvk\dxvk_pipecache.cpp">
      <Filter>dxvk</Filter>
    </ClCompile>
    <ClCompile Include="..\dxvk\src\dxvk\dxvk_pipelayout.cpp">
      <Filter>dxvk</Filter>
    </ClCompile>
    <ClCompile Include="..\dxvk\src\dxvk\dxvk_pipemanager.cpp">
      <Filter>dxvk</Filter>
    </ClCompile>
    <ClCompile Include="..\dxvk\src\dxvk\dxvk_queue.cpp">
      <Filter>dxvk</Filter>
    </ClCompile>
    <ClCompile Include="..\dxvk\src\dxvk\dxvk_renderpass.cpp">
      <Filter>dxvk</Filter>
    </ClCompile>
    <ClCompile Include="..\dxvk\src\dxvk\dxvk_resource.cpp">
      <Filter>dxvk</Filter>
    </ClCompile>
    <ClCompile Include="..\dxvk\src\dxvk\dxvk_sampler.cpp">
      <Filter>dxvk</Filter>
    </ClCompile>
    <ClCompile Include="..\dxvk\src\dxvk\dxvk_shader.cpp">
      <Filter>dxvk</Filter>
    </ClCompile>
    <ClCompile Include="..\dxvk\src\dxvk\dxvk_shader_key.cpp">
      <Filter>dxvk</Filter>
    </ClCompile>
    <ClCompile Include="..\dxvk\src\dxvk\dxvk_signal.cpp">
      <Filter>dxvk</Filter>
    </ClCompile>
    <ClCompile Include="..\dxvk\src\dxvk\dxvk_spec_const.cpp">
      <Filter>dxvk</Filter>
    </ClCompile>
    <ClCompile Include="..\dxvk\src\dxvk\dxvk_staging.cpp">
      <Filter>dxvk</Filter>
    </ClCompile>
    <ClCompile Include="..\dxvk\src\dxvk\dxvk_state_cache.cpp">
      <Filter>dxvk</Filter>
    </ClCompile>
    <ClCompile Include="..\dxvk\src\dxvk\dxvk_stats.cpp">
      <Filter>dxvk</Filter>
    </ClCompile>
    <ClCompile Include="..\dxvk\src\dxvk\dxvk_swapchain_blitter.cpp">
      <Filter>dxvk</Filter>
    </ClCompile>
    <ClCompile Include="..\dxvk\src\dxvk\dxvk_unbound.cpp">
      <Filter>dxvk</Filter>
    </ClCompile>
    <ClCompile Include="..\dxvk\src\dxvk\dxvk_util.cpp">
      <Filter>dxvk</Filter>
    </ClCompile>
    <ClCompile Include="..\dxvk\src\dxvk\hud\dxvk_hud.cpp">
      <Filter>dxvk</Filter>
    </ClCompile>
    <ClCompile Include="..\dxvk\src\dxvk\hud\dxvk_hud_font.cpp">
      <Filter>dxvk</Filter>
    </ClCompile>
    <ClCompile Include="..\dxvk\src\dxvk\hud\dxvk_hud_item.cpp">
      <Filter>dxvk</Filter>
    </ClCompile>
    <ClCompile Include="..\dxvk\src\dxvk\hud\dxvk_hud_renderer.cpp">
      <Filter>dxvk</Filter>
    </ClCompile>
    <ClCompile Include="..\dxvk\src\dxvk\platform\dxvk_win32_exts.cpp">
      <Filter>dxvk</Filter>
    </ClCompile>
    <ClCompile Include="..\dxvk\src\spirv\spirv_code_buffer.cpp">
      <Filter>dxvk</Filter>
    </ClCompile>
    <ClCompile Include="..\dxvk\src\spirv\spirv_compression.cpp">
      <Filter>dxvk</Filter>
    </ClCompile>
    <ClCompile Include="..\dxvk\src\spirv\spirv_module.cpp">
      <Filter>dxvk</Filter>
    </ClCompile>
    <ClCompile Include="..\dxvk\src\util\com\com_guid.cpp">
      <Filter>dxvk</Filter>
    </ClCompile>
    <ClCompile Include="..\dxvk\src\util\com\com_private_data.cpp">
      <Filter>dxvk</Filter>
    </ClCompile>
    <ClCompile Include="..\dxvk\src\util\config\config.cpp">
      <Filter>dxvk</Filter>
    </ClCompile>
    <ClCompile Include="..\dxvk\src\util\log\log.cpp">
      <Filter>dxvk</Filter>
    </ClCompile>
    <ClCompile Include="..\dxvk\src\util\log\log_debug.cpp">
      <Filter>dxvk</Filter>
    </ClCompile>
    <ClCompile Include="..\dxvk\src\util\sha1\sha1.c">
      <Filter>dxvk</Filter>
    </ClCompile>
    <ClCompile Include="..\dxvk\src\util\sha1\sha1_util.cpp">
      <Filter>dxvk</Filter>
    </ClCompile>
    <ClCompile Include="..\dxvk\src\util\sync\sync_recursive.cpp">
      <Filter>dxvk</Filter>
    </ClCompile>
    <ClCompile Include="..\dxvk\src\util\thread.cpp">
      <Filter>dxvk</Filter>
    </ClCompile>
    <ClCompile Include="..\dxvk\src\util\util_env.cpp">
      <Filter>dxvk</Filter>
    </ClCompile>
    <ClCompile Include="..\dxvk\src\util\util_fps_limiter.cpp">
      <Filter>dxvk</Filter>
    </ClCompile>
    <ClCompile Include="..\dxvk\src\util\util_gdi.cpp">
      <Filter>dxvk</Filter>
    </ClCompile>
    <ClCompile Include="..\dxvk\src\util\util_luid.cpp">
      <Filter>dxvk</Filter>
    </ClCompile>
    <ClCompile Include="..\dxvk\src\util\util_matrix.cpp">
      <Filter>dxvk</Filter>
    </ClCompile>
    <ClCompile Include="..\dxvk\src\util\util_monitor.cpp">
      <Filter>dxvk</Filter>
    </ClCompile>
    <ClCompile Include="..\dxvk\src\util\util_shared_res.cpp">
      <Filter>dxvk</Filter>
    </ClCompile>
    <ClCompile Include="..\dxvk\src\util\util_string.cpp">
      <Filter>dxvk</Filter>
    </ClCompile>
    <ClCompile Include="..\dxvk\src\vulkan\vulkan_loader.cpp">
      <Filter>dxvk</Filter>
    </ClCompile>
    <ClCompile Include="..\dxvk\src\vulkan\vulkan_names.cpp">
      <Filter>dxvk</Filter>
    </ClCompile>
    <ClCompile Include="..\dxvk\src\vulkan\vulkan_presenter.cpp">
      <Filter>dxvk</Filter>
    </ClCompile>
    <ClCompile Include="..\dxvk\src\dxvk\dxvk_pipecompiler.cpp">
      <Filter>dxvk</Filter>
    </ClCompile>
  </ItemGroup>
  <ItemGroup>
    <None Include="..\dxvk\lib\libd3dcompiler_43.def">
      <Filter>dxvk</Filter>
    </None>
    <None Include="..\dxvk\lib32\libd3dcompiler_43.def">
      <Filter>dxvk</Filter>
    </None>
    <None Include="..\dxvk\src\d3d9\d3d9.def">
      <Filter>dxvk</Filter>
    </None>
  </ItemGroup>
  <ItemGroup>
    <ResourceCompile Include="..\dxvk\src\d3d9\version.rc">
      <Filter>dxvk</Filter>
    </ResourceCompile>
  </ItemGroup>
  <ItemGroup>
    <Text Include="config.txt">
      <Filter>Source Files</Filter>
    </Text>
  </ItemGroup>
</Project>